{
  "name": "tiktok-matrix",
  "version": "0.0.0",
  "lockfileVersion": 3,
  "requires": true,
  "packages": {
    "": {
      "name": "tiktok-matrix",
      "version": "0.0.0",
      "dependencies": {
        "@tauri-apps/api": "^1.5.2",
        "vue": "^3.3.4"
      },
      "devDependencies": {
        "@tauri-apps/cli": "^1.5.9",
        "@vitejs/plugin-vue": "^4.2.3",
        "vite": "^5.0.0"
      }
    },
    "node_modules/@babel/parser": {
      "version": "7.23.6",
      "resolved": "https://registry.npmmirror.com/@babel/parser/-/parser-7.23.6.tgz",
      "integrity": "sha512-Z2uID7YJ7oNvAI20O9X0bblw7Qqs8Q2hFy0R9tAfnfLkp5MW0UH9eUvnDSnFwKZ0AvgS1ucqR4KzvVHgnke1VQ==",
      "bin": {
        "parser": "bin/babel-parser.js"
      },
      "engines": {
        "node": ">=6.0.0"
      }
    },
    "node_modules/@esbuild/aix-ppc64": {
      "version": "0.19.11",
      "resolved": "https://registry.npmmirror.com/@esbuild/aix-ppc64/-/aix-ppc64-0.19.11.tgz",
      "integrity": "sha512-FnzU0LyE3ySQk7UntJO4+qIiQgI7KoODnZg5xzXIrFJlKd2P2gwHsHY4927xj9y5PJmJSzULiUCWmv7iWnNa7g==",
      "cpu": [
        "ppc64"
      ],
      "dev": true,
      "optional": true,
      "os": [
        "aix"
      ],
      "engines": {
        "node": ">=12"
      }
    },
    "node_modules/@esbuild/android-arm": {
      "version": "0.19.11",
      "resolved": "https://registry.npmmirror.com/@esbuild/android-arm/-/android-arm-0.19.11.tgz",
      "integrity": "sha512-5OVapq0ClabvKvQ58Bws8+wkLCV+Rxg7tUVbo9xu034Nm536QTII4YzhaFriQ7rMrorfnFKUsArD2lqKbFY4vw==",
      "cpu": [
        "arm"
      ],
      "dev": true,
      "optional": true,
      "os": [
        "android"
      ],
      "engines": {
        "node": ">=12"
      }
    },
    "node_modules/@esbuild/android-arm64": {
      "version": "0.19.11",
      "resolved": "https://registry.npmmirror.com/@esbuild/android-arm64/-/android-arm64-0.19.11.tgz",
      "integrity": "sha512-aiu7K/5JnLj//KOnOfEZ0D90obUkRzDMyqd/wNAUQ34m4YUPVhRZpnqKV9uqDGxT7cToSDnIHsGooyIczu9T+Q==",
      "cpu": [
        "arm64"
      ],
      "dev": true,
      "optional": true,
      "os": [
        "android"
      ],
      "engines": {
        "node": ">=12"
      }
    },
    "node_modules/@esbuild/android-x64": {
      "version": "0.19.11",
      "resolved": "https://registry.npmmirror.com/@esbuild/android-x64/-/android-x64-0.19.11.tgz",
      "integrity": "sha512-eccxjlfGw43WYoY9QgB82SgGgDbibcqyDTlk3l3C0jOVHKxrjdc9CTwDUQd0vkvYg5um0OH+GpxYvp39r+IPOg==",
      "cpu": [
        "x64"
      ],
      "dev": true,
      "optional": true,
      "os": [
        "android"
      ],
      "engines": {
        "node": ">=12"
      }
    },
    "node_modules/@esbuild/darwin-arm64": {
      "version": "0.19.11",
      "resolved": "https://registry.npmmirror.com/@esbuild/darwin-arm64/-/darwin-arm64-0.19.11.tgz",
      "integrity": "sha512-ETp87DRWuSt9KdDVkqSoKoLFHYTrkyz2+65fj9nfXsaV3bMhTCjtQfw3y+um88vGRKRiF7erPrh/ZuIdLUIVxQ==",
      "cpu": [
        "arm64"
      ],
      "dev": true,
      "optional": true,
      "os": [
        "darwin"
      ],
      "engines": {
        "node": ">=12"
      }
    },
    "node_modules/@esbuild/darwin-x64": {
      "version": "0.19.11",
      "resolved": "https://registry.npmmirror.com/@esbuild/darwin-x64/-/darwin-x64-0.19.11.tgz",
      "integrity": "sha512-fkFUiS6IUK9WYUO/+22omwetaSNl5/A8giXvQlcinLIjVkxwTLSktbF5f/kJMftM2MJp9+fXqZ5ezS7+SALp4g==",
      "cpu": [
        "x64"
      ],
      "dev": true,
      "optional": true,
      "os": [
        "darwin"
      ],
      "engines": {
        "node": ">=12"
      }
    },
    "node_modules/@esbuild/freebsd-arm64": {
      "version": "0.19.11",
      "resolved": "https://registry.npmmirror.com/@esbuild/freebsd-arm64/-/freebsd-arm64-0.19.11.tgz",
      "integrity": "sha512-lhoSp5K6bxKRNdXUtHoNc5HhbXVCS8V0iZmDvyWvYq9S5WSfTIHU2UGjcGt7UeS6iEYp9eeymIl5mJBn0yiuxA==",
      "cpu": [
        "arm64"
      ],
      "dev": true,
      "optional": true,
      "os": [
        "freebsd"
      ],
      "engines": {
        "node": ">=12"
      }
    },
    "node_modules/@esbuild/freebsd-x64": {
      "version": "0.19.11",
      "resolved": "https://registry.npmmirror.com/@esbuild/freebsd-x64/-/freebsd-x64-0.19.11.tgz",
      "integrity": "sha512-JkUqn44AffGXitVI6/AbQdoYAq0TEullFdqcMY/PCUZ36xJ9ZJRtQabzMA+Vi7r78+25ZIBosLTOKnUXBSi1Kw==",
      "cpu": [
        "x64"
      ],
      "dev": true,
      "optional": true,
      "os": [
        "freebsd"
      ],
      "engines": {
        "node": ">=12"
      }
    },
    "node_modules/@esbuild/linux-arm": {
      "version": "0.19.11",
      "resolved": "https://registry.npmmirror.com/@esbuild/linux-arm/-/linux-arm-0.19.11.tgz",
      "integrity": "sha512-3CRkr9+vCV2XJbjwgzjPtO8T0SZUmRZla+UL1jw+XqHZPkPgZiyWvbDvl9rqAN8Zl7qJF0O/9ycMtjU67HN9/Q==",
      "cpu": [
        "arm"
      ],
      "dev": true,
      "optional": true,
      "os": [
        "linux"
      ],
      "engines": {
        "node": ">=12"
      }
    },
    "node_modules/@esbuild/linux-arm64": {
      "version": "0.19.11",
      "resolved": "https://registry.npmmirror.com/@esbuild/linux-arm64/-/linux-arm64-0.19.11.tgz",
      "integrity": "sha512-LneLg3ypEeveBSMuoa0kwMpCGmpu8XQUh+mL8XXwoYZ6Be2qBnVtcDI5azSvh7vioMDhoJFZzp9GWp9IWpYoUg==",
      "cpu": [
        "arm64"
      ],
      "dev": true,
      "optional": true,
      "os": [
        "linux"
      ],
      "engines": {
        "node": ">=12"
      }
    },
    "node_modules/@esbuild/linux-ia32": {
      "version": "0.19.11",
      "resolved": "https://registry.npmmirror.com/@esbuild/linux-ia32/-/linux-ia32-0.19.11.tgz",
      "integrity": "sha512-caHy++CsD8Bgq2V5CodbJjFPEiDPq8JJmBdeyZ8GWVQMjRD0sU548nNdwPNvKjVpamYYVL40AORekgfIubwHoA==",
      "cpu": [
        "ia32"
      ],
      "dev": true,
      "optional": true,
      "os": [
        "linux"
      ],
      "engines": {
        "node": ">=12"
      }
    },
    "node_modules/@esbuild/linux-loong64": {
      "version": "0.19.11",
      "resolved": "https://registry.npmmirror.com/@esbuild/linux-loong64/-/linux-loong64-0.19.11.tgz",
      "integrity": "sha512-ppZSSLVpPrwHccvC6nQVZaSHlFsvCQyjnvirnVjbKSHuE5N24Yl8F3UwYUUR1UEPaFObGD2tSvVKbvR+uT1Nrg==",
      "cpu": [
        "loong64"
      ],
      "dev": true,
      "optional": true,
      "os": [
        "linux"
      ],
      "engines": {
        "node": ">=12"
      }
    },
    "node_modules/@esbuild/linux-mips64el": {
      "version": "0.19.11",
      "resolved": "https://registry.npmmirror.com/@esbuild/linux-mips64el/-/linux-mips64el-0.19.11.tgz",
      "integrity": "sha512-B5x9j0OgjG+v1dF2DkH34lr+7Gmv0kzX6/V0afF41FkPMMqaQ77pH7CrhWeR22aEeHKaeZVtZ6yFwlxOKPVFyg==",
      "cpu": [
        "mips64el"
      ],
      "dev": true,
      "optional": true,
      "os": [
        "linux"
      ],
      "engines": {
        "node": ">=12"
      }
    },
    "node_modules/@esbuild/linux-ppc64": {
      "version": "0.19.11",
      "resolved": "https://registry.npmmirror.com/@esbuild/linux-ppc64/-/linux-ppc64-0.19.11.tgz",
      "integrity": "sha512-MHrZYLeCG8vXblMetWyttkdVRjQlQUb/oMgBNurVEnhj4YWOr4G5lmBfZjHYQHHN0g6yDmCAQRR8MUHldvvRDA==",
      "cpu": [
        "ppc64"
      ],
      "dev": true,
      "optional": true,
      "os": [
        "linux"
      ],
      "engines": {
        "node": ">=12"
      }
    },
    "node_modules/@esbuild/linux-riscv64": {
      "version": "0.19.11",
      "resolved": "https://registry.npmmirror.com/@esbuild/linux-riscv64/-/linux-riscv64-0.19.11.tgz",
      "integrity": "sha512-f3DY++t94uVg141dozDu4CCUkYW+09rWtaWfnb3bqe4w5NqmZd6nPVBm+qbz7WaHZCoqXqHz5p6CM6qv3qnSSQ==",
      "cpu": [
        "riscv64"
      ],
      "dev": true,
      "optional": true,
      "os": [
        "linux"
      ],
      "engines": {
        "node": ">=12"
      }
    },
    "node_modules/@esbuild/linux-s390x": {
      "version": "0.19.11",
      "resolved": "https://registry.npmmirror.com/@esbuild/linux-s390x/-/linux-s390x-0.19.11.tgz",
      "integrity": "sha512-A5xdUoyWJHMMlcSMcPGVLzYzpcY8QP1RtYzX5/bS4dvjBGVxdhuiYyFwp7z74ocV7WDc0n1harxmpq2ePOjI0Q==",
      "cpu": [
        "s390x"
      ],
      "dev": true,
      "optional": true,
      "os": [
        "linux"
      ],
      "engines": {
        "node": ">=12"
      }
    },
    "node_modules/@esbuild/linux-x64": {
      "version": "0.19.11",
      "resolved": "https://registry.npmmirror.com/@esbuild/linux-x64/-/linux-x64-0.19.11.tgz",
      "integrity": "sha512-grbyMlVCvJSfxFQUndw5mCtWs5LO1gUlwP4CDi4iJBbVpZcqLVT29FxgGuBJGSzyOxotFG4LoO5X+M1350zmPA==",
      "cpu": [
        "x64"
      ],
      "dev": true,
      "optional": true,
      "os": [
        "linux"
      ],
      "engines": {
        "node": ">=12"
      }
    },
    "node_modules/@esbuild/netbsd-x64": {
      "version": "0.19.11",
      "resolved": "https://registry.npmmirror.com/@esbuild/netbsd-x64/-/netbsd-x64-0.19.11.tgz",
      "integrity": "sha512-13jvrQZJc3P230OhU8xgwUnDeuC/9egsjTkXN49b3GcS5BKvJqZn86aGM8W9pd14Kd+u7HuFBMVtrNGhh6fHEQ==",
      "cpu": [
        "x64"
      ],
      "dev": true,
      "optional": true,
      "os": [
        "netbsd"
      ],
      "engines": {
        "node": ">=12"
      }
    },
    "node_modules/@esbuild/openbsd-x64": {
      "version": "0.19.11",
      "resolved": "https://registry.npmmirror.com/@esbuild/openbsd-x64/-/openbsd-x64-0.19.11.tgz",
      "integrity": "sha512-ysyOGZuTp6SNKPE11INDUeFVVQFrhcNDVUgSQVDzqsqX38DjhPEPATpid04LCoUr2WXhQTEZ8ct/EgJCUDpyNw==",
      "cpu": [
        "x64"
      ],
      "dev": true,
      "optional": true,
      "os": [
        "openbsd"
      ],
      "engines": {
        "node": ">=12"
      }
    },
    "node_modules/@esbuild/sunos-x64": {
      "version": "0.19.11",
      "resolved": "https://registry.npmmirror.com/@esbuild/sunos-x64/-/sunos-x64-0.19.11.tgz",
      "integrity": "sha512-Hf+Sad9nVwvtxy4DXCZQqLpgmRTQqyFyhT3bZ4F2XlJCjxGmRFF0Shwn9rzhOYRB61w9VMXUkxlBy56dk9JJiQ==",
      "cpu": [
        "x64"
      ],
      "dev": true,
      "optional": true,
      "os": [
        "sunos"
      ],
      "engines": {
        "node": ">=12"
      }
    },
    "node_modules/@esbuild/win32-arm64": {
      "version": "0.19.11",
      "resolved": "https://registry.npmmirror.com/@esbuild/win32-arm64/-/win32-arm64-0.19.11.tgz",
      "integrity": "sha512-0P58Sbi0LctOMOQbpEOvOL44Ne0sqbS0XWHMvvrg6NE5jQ1xguCSSw9jQeUk2lfrXYsKDdOe6K+oZiwKPilYPQ==",
      "cpu": [
        "arm64"
      ],
      "dev": true,
      "optional": true,
      "os": [
        "win32"
      ],
      "engines": {
        "node": ">=12"
      }
    },
    "node_modules/@esbuild/win32-ia32": {
      "version": "0.19.11",
      "resolved": "https://registry.npmmirror.com/@esbuild/win32-ia32/-/win32-ia32-0.19.11.tgz",
      "integrity": "sha512-6YOrWS+sDJDmshdBIQU+Uoyh7pQKrdykdefC1avn76ss5c+RN6gut3LZA4E2cH5xUEp5/cA0+YxRaVtRAb0xBg==",
      "cpu": [
        "ia32"
      ],
      "dev": true,
      "optional": true,
      "os": [
        "win32"
      ],
      "engines": {
        "node": ">=12"
      }
    },
    "node_modules/@esbuild/win32-x64": {
      "version": "0.19.11",
      "resolved": "https://registry.npmmirror.com/@esbuild/win32-x64/-/win32-x64-0.19.11.tgz",
      "integrity": "sha512-vfkhltrjCAb603XaFhqhAF4LGDi2M4OrCRrFusyQ+iTLQ/o60QQXxc9cZC/FFpihBI9N1Grn6SMKVJ4KP7Fuiw==",
      "cpu": [
        "x64"
      ],
      "dev": true,
      "optional": true,
      "os": [
        "win32"
      ],
      "engines": {
        "node": ">=12"
      }
    },
    "node_modules/@jridgewell/sourcemap-codec": {
      "version": "1.4.15",
      "resolved": "https://registry.npmmirror.com/@jridgewell/sourcemap-codec/-/sourcemap-codec-1.4.15.tgz",
      "integrity": "sha512-eF2rxCRulEKXHTRiDrDy6erMYWqNw4LPdQ8UQA4huuxaQsVeRPFl2oM8oDGxMFhJUWZf9McpLtJasDDZb/Bpeg=="
    },
    "node_modules/@rollup/rollup-android-arm-eabi": {
      "version": "4.9.4",
      "resolved": "https://registry.npmmirror.com/@rollup/rollup-android-arm-eabi/-/rollup-android-arm-eabi-4.9.4.tgz",
      "integrity": "sha512-ub/SN3yWqIv5CWiAZPHVS1DloyZsJbtXmX4HxUTIpS0BHm9pW5iYBo2mIZi+hE3AeiTzHz33blwSnhdUo+9NpA==",
      "cpu": [
        "arm"
      ],
      "dev": true,
      "optional": true,
      "os": [
        "android"
      ]
    },
    "node_modules/@rollup/rollup-android-arm64": {
      "version": "4.9.4",
      "resolved": "https://registry.npmmirror.com/@rollup/rollup-android-arm64/-/rollup-android-arm64-4.9.4.tgz",
      "integrity": "sha512-ehcBrOR5XTl0W0t2WxfTyHCR/3Cq2jfb+I4W+Ch8Y9b5G+vbAecVv0Fx/J1QKktOrgUYsIKxWAKgIpvw56IFNA==",
      "cpu": [
        "arm64"
      ],
      "dev": true,
      "optional": true,
      "os": [
        "android"
      ]
    },
    "node_modules/@rollup/rollup-darwin-arm64": {
      "version": "4.9.4",
      "resolved": "https://registry.npmmirror.com/@rollup/rollup-darwin-arm64/-/rollup-darwin-arm64-4.9.4.tgz",
      "integrity": "sha512-1fzh1lWExwSTWy8vJPnNbNM02WZDS8AW3McEOb7wW+nPChLKf3WG2aG7fhaUmfX5FKw9zhsF5+MBwArGyNM7NA==",
      "cpu": [
        "arm64"
      ],
      "dev": true,
      "optional": true,
      "os": [
        "darwin"
      ]
    },
    "node_modules/@rollup/rollup-darwin-x64": {
      "version": "4.9.4",
      "resolved": "https://registry.npmmirror.com/@rollup/rollup-darwin-x64/-/rollup-darwin-x64-4.9.4.tgz",
      "integrity": "sha512-Gc6cukkF38RcYQ6uPdiXi70JB0f29CwcQ7+r4QpfNpQFVHXRd0DfWFidoGxjSx1DwOETM97JPz1RXL5ISSB0pA==",
      "cpu": [
        "x64"
      ],
      "dev": true,
      "optional": true,
      "os": [
        "darwin"
      ]
    },
    "node_modules/@rollup/rollup-linux-arm-gnueabihf": {
      "version": "4.9.4",
      "resolved": "https://registry.npmmirror.com/@rollup/rollup-linux-arm-gnueabihf/-/rollup-linux-arm-gnueabihf-4.9.4.tgz",
      "integrity": "sha512-g21RTeFzoTl8GxosHbnQZ0/JkuFIB13C3T7Y0HtKzOXmoHhewLbVTFBQZu+z5m9STH6FZ7L/oPgU4Nm5ErN2fw==",
      "cpu": [
        "arm"
      ],
      "dev": true,
      "optional": true,
      "os": [
        "linux"
      ]
    },
    "node_modules/@rollup/rollup-linux-arm64-gnu": {
      "version": "4.9.4",
      "resolved": "https://registry.npmmirror.com/@rollup/rollup-linux-arm64-gnu/-/rollup-linux-arm64-gnu-4.9.4.tgz",
      "integrity": "sha512-TVYVWD/SYwWzGGnbfTkrNpdE4HON46orgMNHCivlXmlsSGQOx/OHHYiQcMIOx38/GWgwr/po2LBn7wypkWw/Mg==",
      "cpu": [
        "arm64"
      ],
      "dev": true,
      "optional": true,
      "os": [
        "linux"
      ]
    },
    "node_modules/@rollup/rollup-linux-arm64-musl": {
      "version": "4.9.4",
      "resolved": "https://registry.npmmirror.com/@rollup/rollup-linux-arm64-musl/-/rollup-linux-arm64-musl-4.9.4.tgz",
      "integrity": "sha512-XcKvuendwizYYhFxpvQ3xVpzje2HHImzg33wL9zvxtj77HvPStbSGI9czrdbfrf8DGMcNNReH9pVZv8qejAQ5A==",
      "cpu": [
        "arm64"
      ],
      "dev": true,
      "optional": true,
      "os": [
        "linux"
      ]
    },
    "node_modules/@rollup/rollup-linux-riscv64-gnu": {
      "version": "4.9.4",
      "resolved": "https://registry.npmmirror.com/@rollup/rollup-linux-riscv64-gnu/-/rollup-linux-riscv64-gnu-4.9.4.tgz",
      "integrity": "sha512-LFHS/8Q+I9YA0yVETyjonMJ3UA+DczeBd/MqNEzsGSTdNvSJa1OJZcSH8GiXLvcizgp9AlHs2walqRcqzjOi3A==",
      "cpu": [
        "riscv64"
      ],
      "dev": true,
      "optional": true,
      "os": [
        "linux"
      ]
    },
    "node_modules/@rollup/rollup-linux-x64-gnu": {
      "version": "4.9.4",
      "resolved": "https://registry.npmmirror.com/@rollup/rollup-linux-x64-gnu/-/rollup-linux-x64-gnu-4.9.4.tgz",
      "integrity": "sha512-dIYgo+j1+yfy81i0YVU5KnQrIJZE8ERomx17ReU4GREjGtDW4X+nvkBak2xAUpyqLs4eleDSj3RrV72fQos7zw==",
      "cpu": [
        "x64"
      ],
      "dev": true,
      "optional": true,
      "os": [
        "linux"
      ]
    },
    "node_modules/@rollup/rollup-linux-x64-musl": {
      "version": "4.9.4",
      "resolved": "https://registry.npmmirror.com/@rollup/rollup-linux-x64-musl/-/rollup-linux-x64-musl-4.9.4.tgz",
      "integrity": "sha512-RoaYxjdHQ5TPjaPrLsfKqR3pakMr3JGqZ+jZM0zP2IkDtsGa4CqYaWSfQmZVgFUCgLrTnzX+cnHS3nfl+kB6ZQ==",
      "cpu": [
        "x64"
      ],
      "dev": true,
      "optional": true,
      "os": [
        "linux"
      ]
    },
    "node_modules/@rollup/rollup-win32-arm64-msvc": {
      "version": "4.9.4",
      "resolved": "https://registry.npmmirror.com/@rollup/rollup-win32-arm64-msvc/-/rollup-win32-arm64-msvc-4.9.4.tgz",
      "integrity": "sha512-T8Q3XHV+Jjf5e49B4EAaLKV74BbX7/qYBRQ8Wop/+TyyU0k+vSjiLVSHNWdVd1goMjZcbhDmYZUYW5RFqkBNHQ==",
      "cpu": [
        "arm64"
      ],
      "dev": true,
      "optional": true,
      "os": [
        "win32"
      ]
    },
    "node_modules/@rollup/rollup-win32-ia32-msvc": {
      "version": "4.9.4",
      "resolved": "https://registry.npmmirror.com/@rollup/rollup-win32-ia32-msvc/-/rollup-win32-ia32-msvc-4.9.4.tgz",
      "integrity": "sha512-z+JQ7JirDUHAsMecVydnBPWLwJjbppU+7LZjffGf+Jvrxq+dVjIE7By163Sc9DKc3ADSU50qPVw0KonBS+a+HQ==",
      "cpu": [
        "ia32"
      ],
      "dev": true,
      "optional": true,
      "os": [
        "win32"
      ]
    },
    "node_modules/@rollup/rollup-win32-x64-msvc": {
      "version": "4.9.4",
      "resolved": "https://registry.npmmirror.com/@rollup/rollup-win32-x64-msvc/-/rollup-win32-x64-msvc-4.9.4.tgz",
      "integrity": "sha512-LfdGXCV9rdEify1oxlN9eamvDSjv9md9ZVMAbNHA87xqIfFCxImxan9qZ8+Un54iK2nnqPlbnSi4R54ONtbWBw==",
      "cpu": [
        "x64"
      ],
      "dev": true,
      "optional": true,
      "os": [
        "win32"
      ]
    },
    "node_modules/@tauri-apps/api": {
      "version": "1.5.3",
      "resolved": "https://registry.npmmirror.com/@tauri-apps/api/-/api-1.5.3.tgz",
      "integrity": "sha512-zxnDjHHKjOsrIzZm6nO5Xapb/BxqUq1tc7cGkFXsFkGTsSWgCPH1D8mm0XS9weJY2OaR73I3k3S+b7eSzJDfqA==",
      "engines": {
        "node": ">= 14.6.0",
        "npm": ">= 6.6.0",
        "yarn": ">= 1.19.1"
      }
    },
    "node_modules/@tauri-apps/cli": {
      "version": "1.5.9",
      "resolved": "https://registry.npmjs.org/@tauri-apps/cli/-/cli-1.5.9.tgz",
      "integrity": "sha512-knSt/9AvCTeyfC6wkyeouF9hBW/0Mzuw+5vBKEvzaGPQsfFJo1ZCp5FkdiZpGBBfnm09BhugasGRTGofzatfqQ==",
      "dev": true,
      "bin": {
        "tauri": "tauri.js"
      },
      "engines": {
        "node": ">= 10"
      },
      "funding": {
        "type": "opencollective",
        "url": "https://opencollective.com/tauri"
      },
      "optionalDependencies": {
        "@tauri-apps/cli-darwin-arm64": "1.5.9",
        "@tauri-apps/cli-darwin-x64": "1.5.9",
        "@tauri-apps/cli-linux-arm-gnueabihf": "1.5.9",
        "@tauri-apps/cli-linux-arm64-gnu": "1.5.9",
        "@tauri-apps/cli-linux-arm64-musl": "1.5.9",
        "@tauri-apps/cli-linux-x64-gnu": "1.5.9",
        "@tauri-apps/cli-linux-x64-musl": "1.5.9",
        "@tauri-apps/cli-win32-arm64-msvc": "1.5.9",
        "@tauri-apps/cli-win32-ia32-msvc": "1.5.9",
        "@tauri-apps/cli-win32-x64-msvc": "1.5.9"
      }
    },
    "node_modules/@tauri-apps/cli-darwin-arm64": {
      "version": "1.5.9",
      "resolved": "https://registry.npmmirror.com/@tauri-apps/cli-darwin-arm64/-/cli-darwin-arm64-1.5.9.tgz",
      "integrity": "sha512-7C2Jf8f0gzv778mLYb7Eszqqv1bm9Wzews81MRTqKrUIcC+eZEtDXLex+JaEkEzFEUrgIafdOvMBVEavF030IA==",
      "cpu": [
        "arm64"
      ],
      "dev": true,
      "optional": true,
      "os": [
        "darwin"
      ],
      "engines": {
        "node": ">= 10"
      }
    },
    "node_modules/@tauri-apps/cli-darwin-x64": {
      "version": "1.5.9",
      "resolved": "https://registry.npmmirror.com/@tauri-apps/cli-darwin-x64/-/cli-darwin-x64-1.5.9.tgz",
      "integrity": "sha512-LHKytpkofPYgH8RShWvwDa3hD1ws131x7g7zNasJPfOiCWLqYVQFUuQVmjEUt8+dpHe/P/err5h4z+YZru2d0A==",
      "cpu": [
        "x64"
      ],
      "dev": true,
      "optional": true,
      "os": [
        "darwin"
      ],
      "engines": {
        "node": ">= 10"
      }
    },
    "node_modules/@tauri-apps/cli-linux-arm-gnueabihf": {
      "version": "1.5.9",
      "resolved": "https://registry.npmmirror.com/@tauri-apps/cli-linux-arm-gnueabihf/-/cli-linux-arm-gnueabihf-1.5.9.tgz",
      "integrity": "sha512-teGK20IYKx+dVn8wFq/Lg57Q9ce7foq1KHSfyHi464LVt1T0V1rsmULSgZpQPPj/NYPF5BG78PcWYv64yH86jw==",
      "cpu": [
        "arm"
      ],
      "dev": true,
      "optional": true,
      "os": [
        "linux"
      ],
      "engines": {
        "node": ">= 10"
      }
    },
    "node_modules/@tauri-apps/cli-linux-arm64-gnu": {
      "version": "1.5.9",
      "resolved": "https://registry.npmmirror.com/@tauri-apps/cli-linux-arm64-gnu/-/cli-linux-arm64-gnu-1.5.9.tgz",
      "integrity": "sha512-onJ/DW5Crw38qVx+wquY4uBbfCxVhzhdJmlCYqnYyXsZZmSiPUfSyhV58y+5TYB0q1hG8eYdB5x8VAwzByhGzw==",
      "cpu": [
        "arm64"
      ],
      "dev": true,
      "optional": true,
      "os": [
        "linux"
      ],
      "engines": {
        "node": ">= 10"
      }
    },
    "node_modules/@tauri-apps/cli-linux-arm64-musl": {
      "version": "1.5.9",
      "resolved": "https://registry.npmmirror.com/@tauri-apps/cli-linux-arm64-musl/-/cli-linux-arm64-musl-1.5.9.tgz",
      "integrity": "sha512-23AYoLD3acakLp9NtheKQDJl8F66eTOflxoPzdJNRy13hUSxb+W9qpz4rRA+CIzkjICFvO2i3UWjeV9QwDVpsQ==",
      "cpu": [
        "arm64"
      ],
      "dev": true,
      "optional": true,
      "os": [
        "linux"
      ],
      "engines": {
        "node": ">= 10"
      }
    },
    "node_modules/@tauri-apps/cli-linux-x64-gnu": {
      "version": "1.5.9",
      "resolved": "https://registry.npmmirror.com/@tauri-apps/cli-linux-x64-gnu/-/cli-linux-x64-gnu-1.5.9.tgz",
      "integrity": "sha512-9PQA1rE7gh41W2ylyKd5qOGOds55ymaYPml9KOpM0g+cxmCXa+8Wf9K5NKvACnJldJJ6cekWzIyB4eN6o5T+yQ==",
      "cpu": [
        "x64"
      ],
      "dev": true,
      "optional": true,
      "os": [
        "linux"
      ],
      "engines": {
        "node": ">= 10"
      }
    },
    "node_modules/@tauri-apps/cli-linux-x64-musl": {
      "version": "1.5.9",
      "resolved": "https://registry.npmmirror.com/@tauri-apps/cli-linux-x64-musl/-/cli-linux-x64-musl-1.5.9.tgz",
      "integrity": "sha512-5hdbNFeDsrJ/pXZ4cSQV4bJwUXPPxXxN3/pAtNUqIph7q+vLcBXOXIMoS64iuyaluJC59lhEwlWZFz+EPv0Hqg==",
      "cpu": [
        "x64"
      ],
      "dev": true,
      "optional": true,
      "os": [
        "linux"
      ],
      "engines": {
        "node": ">= 10"
      }
    },
    "node_modules/@tauri-apps/cli-win32-arm64-msvc": {
      "version": "1.5.9",
      "resolved": "https://registry.npmmirror.com/@tauri-apps/cli-win32-arm64-msvc/-/cli-win32-arm64-msvc-1.5.9.tgz",
      "integrity": "sha512-O18JufjSB3hSJYu5WWByONouGeX7DraLAtXLErsG1r/VS3zHd/zyuzycrVUaObNXk5bfGlIP0Ypt+RvZJILN2w==",
      "cpu": [
        "arm64"
      ],
      "dev": true,
      "optional": true,
      "os": [
        "win32"
      ],
      "engines": {
        "node": ">= 10"
      }
    },
    "node_modules/@tauri-apps/cli-win32-ia32-msvc": {
      "version": "1.5.9",
      "resolved": "https://registry.npmmirror.com/@tauri-apps/cli-win32-ia32-msvc/-/cli-win32-ia32-msvc-1.5.9.tgz",
      "integrity": "sha512-FQxtxTZu0JVBihfd/lmpxo7jyMOesjWQehfyVUqtgMfm5+Pvvw0Y+ZioeDi1TZkFVrT3QDYy8R4LqDLSZVMQRA==",
      "cpu": [
        "ia32"
      ],
      "dev": true,
      "optional": true,
      "os": [
        "win32"
      ],
      "engines": {
        "node": ">= 10"
      }
    },
    "node_modules/@tauri-apps/cli-win32-x64-msvc": {
      "version": "1.5.9",
      "resolved": "https://registry.npmmirror.com/@tauri-apps/cli-win32-x64-msvc/-/cli-win32-x64-msvc-1.5.9.tgz",
      "integrity": "sha512-EeI1+L518cIBLKw0qUFwnLIySBeSmPQjPLIlNwSukHSro4tAQPHycEVGgKrdToiCWgaZJBA0e5aRSds0Du2TWg==",
      "cpu": [
        "x64"
      ],
      "dev": true,
      "optional": true,
      "os": [
        "win32"
      ],
      "engines": {
        "node": ">= 10"
      }
    },
    "node_modules/@types/estree": {
      "version": "1.0.5",
      "resolved": "https://registry.npmmirror.com/@types/estree/-/estree-1.0.5.tgz",
      "integrity": "sha512-/kYRxGDLWzHOB7q+wtSUQlFrtcdUccpfy+X+9iMBpHK8QLLhx2wIPYuS5DYtR9Wa/YlZAbIovy7qVdB1Aq6Lyw==",
      "dev": true
    },
    "node_modules/@vitejs/plugin-vue": {
      "version": "4.6.2",
      "resolved": "https://registry.npmmirror.com/@vitejs/plugin-vue/-/plugin-vue-4.6.2.tgz",
      "integrity": "sha512-kqf7SGFoG+80aZG6Pf+gsZIVvGSCKE98JbiWqcCV9cThtg91Jav0yvYFC9Zb+jKetNGF6ZKeoaxgZfND21fWKw==",
      "dev": true,
      "engines": {
        "node": "^14.18.0 || >=16.0.0"
      },
      "peerDependencies": {
        "vite": "^4.0.0 || ^5.0.0",
        "vue": "^3.2.25"
      }
    },
    "node_modules/@vue/compiler-core": {
      "version": "3.4.6",
      "resolved": "https://registry.npmmirror.com/@vue/compiler-core/-/compiler-core-3.4.6.tgz",
      "integrity": "sha512-9SmkpHsXqhHGMIOp4cawUqp0AxLN2fJJfxh3sR2RaouVx/Y/ww5ts3dfpD9SCvD0n8cdO/Xw+kWEpa6EkH/vTQ==",
      "dependencies": {
        "@babel/parser": "^7.23.6",
        "@vue/shared": "3.4.6",
        "entities": "^4.5.0",
        "estree-walker": "^2.0.2",
        "source-map-js": "^1.0.2"
      }
    },
    "node_modules/@vue/compiler-dom": {
      "version": "3.4.6",
      "resolved": "https://registry.npmmirror.com/@vue/compiler-dom/-/compiler-dom-3.4.6.tgz",
      "integrity": "sha512-i39ZuyHPzPb0v5yXZbvODGwLr+T7lS1rYSjMd1oCTa14aDP80kYpWXrWPF1JVD4QJJNyLgFnJ2hxvFLM7dy9NQ==",
      "dependencies": {
        "@vue/compiler-core": "3.4.6",
        "@vue/shared": "3.4.6"
      }
    },
    "node_modules/@vue/compiler-sfc": {
      "version": "3.4.6",
      "resolved": "https://registry.npmmirror.com/@vue/compiler-sfc/-/compiler-sfc-3.4.6.tgz",
      "integrity": "sha512-kTFOiyMtuetFqi5yEPA4hR6FTD36zKKY3qaBonxGb4pgj0yK1eACqH+iycTAsEqr2u4cOhcGkx3Yjecpgh6FTQ==",
      "dependencies": {
        "@babel/parser": "^7.23.6",
        "@vue/compiler-core": "3.4.6",
        "@vue/compiler-dom": "3.4.6",
        "@vue/compiler-ssr": "3.4.6",
        "@vue/shared": "3.4.6",
        "estree-walker": "^2.0.2",
        "magic-string": "^0.30.5",
        "postcss": "^8.4.32",
        "source-map-js": "^1.0.2"
      }
    },
    "node_modules/@vue/compiler-ssr": {
      "version": "3.4.6",
      "resolved": "https://registry.npmmirror.com/@vue/compiler-ssr/-/compiler-ssr-3.4.6.tgz",
      "integrity": "sha512-XqeojjDitjMLyOogDePNSxw9XL4FAXchO9oOfqdzLVEtYES5j+AEilPJyP0KhQPfGecY2mJ3Y7/e6kkiJQLKvg==",
      "dependencies": {
        "@vue/compiler-dom": "3.4.6",
        "@vue/shared": "3.4.6"
      }
    },
    "node_modules/@vue/reactivity": {
      "version": "3.4.6",
      "resolved": "https://registry.npmmirror.com/@vue/reactivity/-/reactivity-3.4.6.tgz",
      "integrity": "sha512-/VuOxdWDyAeKFHjOuSKEtH9jEVPRgsXxu84utBP1SiXFcFRx2prwiC9cSR8hKOfj5nBwhLXYb6XEU69mLpuk0w==",
      "dependencies": {
        "@vue/shared": "3.4.6"
      }
    },
    "node_modules/@vue/runtime-core": {
      "version": "3.4.6",
      "resolved": "https://registry.npmmirror.com/@vue/runtime-core/-/runtime-core-3.4.6.tgz",
      "integrity": "sha512-XDOx8iiNmP66p+goUHT5XL1AnV8406VVFQARbylqmSCBZEtxchfu2ZoQk7U07ze8G/E0/BtX/C5o29zB1W4o5A==",
      "dependencies": {
        "@vue/reactivity": "3.4.6",
        "@vue/shared": "3.4.6"
      }
    },
    "node_modules/@vue/runtime-dom": {
      "version": "3.4.6",
      "resolved": "https://registry.npmmirror.com/@vue/runtime-dom/-/runtime-dom-3.4.6.tgz",
      "integrity": "sha512-8bdQR5CLfzClGvAOfbbCF8adE9oko0pRfe+dj297i0JCdCJ8AuyUMsXkt6vGPcRPqIKX4Z8f/bDPrwl+c7e4Wg==",
      "dependencies": {
        "@vue/runtime-core": "3.4.6",
        "@vue/shared": "3.4.6",
        "csstype": "^3.1.3"
      }
    },
    "node_modules/@vue/server-renderer": {
      "version": "3.4.6",
      "resolved": "https://registry.npmmirror.com/@vue/server-renderer/-/server-renderer-3.4.6.tgz",
      "integrity": "sha512-0LS+GXf3M93KloaK/S0ZPq5PnKERgPAV5iNCCpjyBLhAQGGEeqfJojs3yXOAMQLSvXi9FLYDHzDEOLWoLaYbTQ==",
      "dependencies": {
        "@vue/compiler-ssr": "3.4.6",
        "@vue/shared": "3.4.6"
      },
      "peerDependencies": {
        "vue": "3.4.6"
      }
    },
    "node_modules/@vue/shared": {
      "version": "3.4.6",
      "resolved": "https://registry.npmmirror.com/@vue/shared/-/shared-3.4.6.tgz",
      "integrity": "sha512-O16vewA05D0IwfG2N/OFEuVeb17pieaI32mmYXp36V8lp+/pI1YV04rRL9Eyjndj3xQO5SNjAxTh6ul4IlBa3A=="
    },
    "node_modules/csstype": {
      "version": "3.1.3",
      "resolved": "https://registry.npmmirror.com/csstype/-/csstype-3.1.3.tgz",
      "integrity": "sha512-M1uQkMl8rQK/szD0LNhtqxIPLpimGm8sOBwU7lLnCpSbTyY3yeU1Vc7l4KT5zT4s/yOxHH5O7tIuuLOCnLADRw=="
    },
    "node_modules/entities": {
      "version": "4.5.0",
      "resolved": "https://registry.npmmirror.com/entities/-/entities-4.5.0.tgz",
      "integrity": "sha512-V0hjH4dGPh9Ao5p0MoRY6BVqtwCjhz6vI5LT8AJ55H+4g9/4vbHx1I54fS0XuclLhDHArPQCiMjDxjaL8fPxhw==",
      "engines": {
        "node": ">=0.12"
      }
    },
    "node_modules/esbuild": {
      "version": "0.19.11",
      "resolved": "https://registry.npmmirror.com/esbuild/-/esbuild-0.19.11.tgz",
      "integrity": "sha512-HJ96Hev2hX/6i5cDVwcqiJBBtuo9+FeIJOtZ9W1kA5M6AMJRHUZlpYZ1/SbEwtO0ioNAW8rUooVpC/WehY2SfA==",
      "dev": true,
      "hasInstallScript": true,
      "bin": {
        "esbuild": "bin/esbuild"
      },
      "engines": {
        "node": ">=12"
      },
      "optionalDependencies": {
        "@esbuild/aix-ppc64": "0.19.11",
        "@esbuild/android-arm": "0.19.11",
        "@esbuild/android-arm64": "0.19.11",
        "@esbuild/android-x64": "0.19.11",
        "@esbuild/darwin-arm64": "0.19.11",
        "@esbuild/darwin-x64": "0.19.11",
        "@esbuild/freebsd-arm64": "0.19.11",
        "@esbuild/freebsd-x64": "0.19.11",
        "@esbuild/linux-arm": "0.19.11",
        "@esbuild/linux-arm64": "0.19.11",
        "@esbuild/linux-ia32": "0.19.11",
        "@esbuild/linux-loong64": "0.19.11",
        "@esbuild/linux-mips64el": "0.19.11",
        "@esbuild/linux-ppc64": "0.19.11",
        "@esbuild/linux-riscv64": "0.19.11",
        "@esbuild/linux-s390x": "0.19.11",
        "@esbuild/linux-x64": "0.19.11",
        "@esbuild/netbsd-x64": "0.19.11",
        "@esbuild/openbsd-x64": "0.19.11",
        "@esbuild/sunos-x64": "0.19.11",
        "@esbuild/win32-arm64": "0.19.11",
        "@esbuild/win32-ia32": "0.19.11",
        "@esbuild/win32-x64": "0.19.11"
      }
    },
    "node_modules/estree-walker": {
      "version": "2.0.2",
      "resolved": "https://registry.npmmirror.com/estree-walker/-/estree-walker-2.0.2.tgz",
      "integrity": "sha512-Rfkk/Mp/DL7JVje3u18FxFujQlTNR2q6QfMSMB7AvCBx91NGj/ba3kCfza0f6dVDbw7YlRf/nDrn7pQrCCyQ/w=="
    },
    "node_modules/fsevents": {
      "version": "2.3.3",
      "resolved": "https://registry.npmmirror.com/fsevents/-/fsevents-2.3.3.tgz",
      "integrity": "sha512-5xoDfX+fL7faATnagmWPpbFtwh/R77WmMMqqHGS65C3vvB0YHrgF+B1YmZ3441tMj5n63k0212XNoJwzlhffQw==",
      "dev": true,
      "hasInstallScript": true,
      "optional": true,
      "os": [
        "darwin"
      ],
      "engines": {
        "node": "^8.16.0 || ^10.6.0 || >=11.0.0"
      }
    },
    "node_modules/magic-string": {
      "version": "0.30.5",
      "resolved": "https://registry.npmmirror.com/magic-string/-/magic-string-0.30.5.tgz",
      "integrity": "sha512-7xlpfBaQaP/T6Vh8MO/EqXSW5En6INHEvEXQiuff7Gku0PWjU3uf6w/j9o7O+SpB5fOAkrI5HeoNgwjEO0pFsA==",
      "dependencies": {
        "@jridgewell/sourcemap-codec": "^1.4.15"
      },
      "engines": {
        "node": ">=12"
      }
    },
    "node_modules/nanoid": {
      "version": "3.3.7",
      "resolved": "https://registry.npmmirror.com/nanoid/-/nanoid-3.3.7.tgz",
      "integrity": "sha512-eSRppjcPIatRIMC1U6UngP8XFcz8MQWGQdt1MTBQ7NaAmvXDfvNxbvWV3x2y6CdEUciCSsDHDQZbhYaB8QEo2g==",
      "bin": {
        "nanoid": "bin/nanoid.cjs"
      },
      "engines": {
        "node": "^10 || ^12 || ^13.7 || ^14 || >=15.0.1"
      }
    },
    "node_modules/picocolors": {
      "version": "1.0.0",
      "resolved": "https://registry.npmmirror.com/picocolors/-/picocolors-1.0.0.tgz",
      "integrity": "sha512-1fygroTLlHu66zi26VoTDv8yRgm0Fccecssto+MhsZ0D/DGW2sm8E8AjW7NU5VVTRt5GxbeZ5qBuJr+HyLYkjQ=="
    },
    "node_modules/postcss": {
      "version": "8.4.33",
      "resolved": "https://registry.npmmirror.com/postcss/-/postcss-8.4.33.tgz",
      "integrity": "sha512-Kkpbhhdjw2qQs2O2DGX+8m5OVqEcbB9HRBvuYM9pgrjEFUg30A9LmXNlTAUj4S9kgtGyrMbTzVjH7E+s5Re2yg==",
      "dependencies": {
        "nanoid": "^3.3.7",
        "picocolors": "^1.0.0",
        "source-map-js": "^1.0.2"
      },
      "engines": {
        "node": "^10 || ^12 || >=14"
      }
    },
    "node_modules/rollup": {
      "version": "4.9.4",
      "resolved": "https://registry.npmmirror.com/rollup/-/rollup-4.9.4.tgz",
      "integrity": "sha512-2ztU7pY/lrQyXSCnnoU4ICjT/tCG9cdH3/G25ERqE3Lst6vl2BCM5hL2Nw+sslAvAf+ccKsAq1SkKQALyqhR7g==",
      "dev": true,
      "dependencies": {
        "@types/estree": "1.0.5"
      },
      "bin": {
        "rollup": "dist/bin/rollup"
      },
      "engines": {
        "node": ">=18.0.0",
        "npm": ">=8.0.0"
      },
      "optionalDependencies": {
        "@rollup/rollup-android-arm-eabi": "4.9.4",
        "@rollup/rollup-android-arm64": "4.9.4",
        "@rollup/rollup-darwin-arm64": "4.9.4",
        "@rollup/rollup-darwin-x64": "4.9.4",
        "@rollup/rollup-linux-arm-gnueabihf": "4.9.4",
        "@rollup/rollup-linux-arm64-gnu": "4.9.4",
        "@rollup/rollup-linux-arm64-musl": "4.9.4",
        "@rollup/rollup-linux-riscv64-gnu": "4.9.4",
        "@rollup/rollup-linux-x64-gnu": "4.9.4",
        "@rollup/rollup-linux-x64-musl": "4.9.4",
        "@rollup/rollup-win32-arm64-msvc": "4.9.4",
        "@rollup/rollup-win32-ia32-msvc": "4.9.4",
        "@rollup/rollup-win32-x64-msvc": "4.9.4",
        "fsevents": "~2.3.2"
      }
    },
    "node_modules/source-map-js": {
      "version": "1.0.2",
      "resolved": "https://registry.npmmirror.com/source-map-js/-/source-map-js-1.0.2.tgz",
      "integrity": "sha512-R0XvVJ9WusLiqTCEiGCmICCMplcCkIwwR11mOSD9CR5u+IXYdiseeEuXCVAjS54zqwkLcPNnmU4OeJ6tUrWhDw==",
      "engines": {
        "node": ">=0.10.0"
      }
    },
    "node_modules/vite": {
      "version": "5.0.11",
      "resolved": "https://registry.npmmirror.com/vite/-/vite-5.0.11.tgz",
      "integrity": "sha512-XBMnDjZcNAw/G1gEiskiM1v6yzM4GE5aMGvhWTlHAYYhxb7S3/V1s3m2LDHa8Vh6yIWYYB0iJwsEaS523c4oYA==",
      "dev": true,
      "dependencies": {
        "esbuild": "^0.19.3",
        "postcss": "^8.4.32",
        "rollup": "^4.2.0"
      },
      "bin": {
        "vite": "bin/vite.js"
      },
      "engines": {
        "node": "^18.0.0 || >=20.0.0"
      },
      "optionalDependencies": {
        "fsevents": "~2.3.3"
      },
      "peerDependencies": {
        "@types/node": "^18.0.0 || >=20.0.0",
        "less": "*",
        "lightningcss": "^1.21.0",
        "sass": "*",
        "stylus": "*",
        "sugarss": "*",
        "terser": "^5.4.0"
      },
      "peerDependenciesMeta": {
        "@types/node": {
          "optional": true
        },
        "less": {
          "optional": true
        },
        "lightningcss": {
          "optional": true
        },
        "sass": {
          "optional": true
        },
        "stylus": {
          "optional": true
        },
        "sugarss": {
          "optional": true
        },
        "terser": {
          "optional": true
        }
      }
    },
    "node_modules/vue": {
      "version": "3.4.6",
      "resolved": "https://registry.npmmirror.com/vue/-/vue-3.4.6.tgz",
      "integrity": "sha512-gAzw5oP0/h34/yq1LjLNpn4wrCKYMuWp2jbs/JirFiZAFWYhd9jTkXp4wIi5ApgMJrMgD6YFyyXwKsqFYR31IQ==",
      "dependencies": {
        "@vue/compiler-dom": "3.4.6",
        "@vue/compiler-sfc": "3.4.6",
        "@vue/runtime-dom": "3.4.6",
        "@vue/server-renderer": "3.4.6",
        "@vue/shared": "3.4.6"
      },
      "peerDependencies": {
        "typescript": "*"
      },
      "peerDependenciesMeta": {
        "typescript": {
          "optional": true
        }
      }
    }
  }
}
