{
  "name": "i18n-tools",
  "version": "1.0.0",
  "lockfileVersion": 3,
  "requires": true,
  "packages": {
    "": {
      "name": "i18n-tools",
      "version": "1.0.0",
      "dependencies": {
        "i18n-tools": "file:"
      }
    },
    "node_modules/i18n-tools": {
      "resolved": "",
      "link": true
    }
  }
}
